Microsoft Visual Studio Solution File, Format Version 12.00
# Visual Studio Version 17
VisualStudioVersion = 17.5.2.0
MinimumVisualStudioVersion = 10.0.40219.1
Project("{FAE04EC0-301F-11D3-BF4B-00C04F79EFBC}") = "MyBG", "MyBG.csproj", "{946758E4-08A4-55CE-6B4D-71D1C0424CBF}"
EndProject
Global
	GlobalSection(SolutionConfigurationPlatforms) = preSolution
		Debug|Any CPU = Debug|Any CPU
		Release|Any CPU = Release|Any CPU
	EndGlobalSection
	GlobalSection(ProjectConfigurationPlatforms) = postSolution
		{946758E4-08A4-55CE-6B4D-71D1C0424CBF}.Debug|Any CPU.ActiveCfg = Debug|Any CPU
		{946758E4-08A4-55CE-6B4D-71D1C0424CBF}.Debug|Any CPU.Build.0 = Debug|Any CPU
		{946758E4-08A4-55CE-6B4D-71D1C0424CBF}.Release|Any CPU.ActiveCfg = Release|Any CPU
		{946758E4-08A4-55CE-6B4D-71D1C0424CBF}.Release|Any CPU.Build.0 = Release|Any CPU
	EndGlobalSection
	GlobalSection(SolutionProperties) = preSolution
		HideSolutionNode = FALSE
	EndGlobalSection
	GlobalSection(ExtensibilityGlobals) = postSolution
		SolutionGuid = {B4D697C6-9656-4E3B-AE14-B26F34ABF7E1}
	EndGlobalSection
EndGlobal
